{
  "name": "@haibun/sarif",
  "version": "1.9.3",
  "lockfileVersion": 2,
  "requires": true,
  "packages": {
    "": {
      "name": "@haibun/sarif",
      "version": "1.9.3",
      "license": "ISC",
      "dependencies": {
        "@haibun/core": "1.9",
        "@haibun/domain-storage": "1.9",
        "@haibun/out-review": "1.9",
        "@types/sarif": "^2.1.4"
      }
    },
    "node_modules/@haibun/core": {
      "version": "1.9.3",
      "resolved": "https://registry.npmjs.org/@haibun/core/-/core-1.9.3.tgz",
      "integrity": "sha512-moqCuwQGxLzY2D4Cm4elh1LocAEpacAipUqt3p4bbIfJcRIWlw4xxnyU10ua5BayaHQk978W5oWFh05Fjibiag==",
      "dependencies": {
        "source-map-support": "^0.5.21"
      }
    },
    "node_modules/@haibun/domain-storage": {
      "version": "1.9.3",
      "resolved": "https://registry.npmjs.org/@haibun/domain-storage/-/domain-storage-1.9.3.tgz",
      "integrity": "sha512-xU3b7y8OhR5v2h86z0ispaqgU8jufWClhnKOnLhCf2uYm7GRfCPbOS3nx0B8Tbem2JZ6s/fLTEyImpmnQ3hIXw=="
    },
    "node_modules/@haibun/out-review": {
      "version": "1.9.3",
      "resolved": "https://registry.npmjs.org/@haibun/out-review/-/out-review-1.9.3.tgz",
      "integrity": "sha512-LaeFz/pD9e1Ysn00003ApHdE1IghAPijsf8xUlSV/UDuulOQ2V+Ft7rFR09dF0i+PMNO4fTuDCh6OpOS8LlbNQ==",
      "dependencies": {
        "xmlbuilder2": "^2.4.1"
      },
      "bin": {
        "review-from-saved": "build/review-from-saved.js"
      }
    },
    "node_modules/@oozcitak/dom": {
      "version": "1.15.8",
      "resolved": "https://registry.npmjs.org/@oozcitak/dom/-/dom-1.15.8.tgz",
      "integrity": "sha512-MoOnLBNsF+ok0HjpAvxYxR4piUhRDCEWK0ot3upwOOHYudJd30j6M+LNcE8RKpwfnclAX9T66nXXzkytd29XSw==",
      "dependencies": {
        "@oozcitak/infra": "1.0.8",
        "@oozcitak/url": "1.0.4",
        "@oozcitak/util": "8.3.8"
      },
      "engines": {
        "node": ">=8.0"
      }
    },
    "node_modules/@oozcitak/infra": {
      "version": "1.0.8",
      "resolved": "https://registry.npmjs.org/@oozcitak/infra/-/infra-1.0.8.tgz",
      "integrity": "sha512-JRAUc9VR6IGHOL7OGF+yrvs0LO8SlqGnPAMqyzOuFZPSZSXI7Xf2O9+awQPSMXgIWGtgUf/dA6Hs6X6ySEaWTg==",
      "dependencies": {
        "@oozcitak/util": "8.3.8"
      },
      "engines": {
        "node": ">=6.0"
      }
    },
    "node_modules/@oozcitak/url": {
      "version": "1.0.4",
      "resolved": "https://registry.npmjs.org/@oozcitak/url/-/url-1.0.4.tgz",
      "integrity": "sha512-kDcD8y+y3FCSOvnBI6HJgl00viO/nGbQoCINmQ0h98OhnGITrWR3bOGfwYCthgcrV8AnTJz8MzslTQbC3SOAmw==",
      "dependencies": {
        "@oozcitak/infra": "1.0.8",
        "@oozcitak/util": "8.3.8"
      },
      "engines": {
        "node": ">=8.0"
      }
    },
    "node_modules/@oozcitak/util": {
      "version": "8.3.8",
      "resolved": "https://registry.npmjs.org/@oozcitak/util/-/util-8.3.8.tgz",
      "integrity": "sha512-T8TbSnGsxo6TDBJx/Sgv/BlVJL3tshxZP7Aq5R1mSnM5OcHY2dQaxLMu2+E8u3gN0MLOzdjurqN4ZRVuzQycOQ==",
      "engines": {
        "node": ">=8.0"
      }
    },
    "node_modules/@types/node": {
      "version": "17.0.25",
      "resolved": "https://registry.npmjs.org/@types/node/-/node-17.0.25.tgz",
      "integrity": "sha512-wANk6fBrUwdpY4isjWrKTufkrXdu1D2YHCot2fD/DfWxF5sMrVSA+KN7ydckvaTCh0HiqX9IVl0L5/ZoXg5M7w=="
    },
    "node_modules/@types/sarif": {
      "version": "2.1.4",
      "resolved": "https://registry.npmjs.org/@types/sarif/-/sarif-2.1.4.tgz",
      "integrity": "sha512-4xKHMdg3foh3Va1fxTzY1qt8QVqmaJpGWsVvtjQrJBn+/bkig2pWFKJ4FPI2yLI4PAj0SUKiPO4Vd7ggYIMZjQ=="
    },
    "node_modules/argparse": {
      "version": "1.0.10",
      "resolved": "https://registry.npmjs.org/argparse/-/argparse-1.0.10.tgz",
      "integrity": "sha512-o5Roy6tNG4SL/FOkCAN6RzjiakZS25RLYFrcMttJqbdd8BWrnA+fGz57iN5Pb06pvBGvl5gQ0B48dJlslXvoTg==",
      "dependencies": {
        "sprintf-js": "~1.0.2"
      }
    },
    "node_modules/buffer-from": {
      "version": "1.1.2",
      "resolved": "https://registry.npmjs.org/buffer-from/-/buffer-from-1.1.2.tgz",
      "integrity": "sha512-E+XQCRwSbaaiChtv6k6Dwgc+bx+Bs6vuKJHHl5kox/BaKbhiXzqQOwK4cO22yElGp2OCmjwVhT3HmxgyPGnJfQ=="
    },
    "node_modules/esprima": {
      "version": "4.0.1",
      "resolved": "https://registry.npmjs.org/esprima/-/esprima-4.0.1.tgz",
      "integrity": "sha512-eGuFFw7Upda+g4p+QHvnW0RyTX/SVeJBDM/gCtMARO0cLuT2HcEKnTPvhjV6aGeqrCB/sbNop0Kszm0jsaWU4A==",
      "bin": {
        "esparse": "bin/esparse.js",
        "esvalidate": "bin/esvalidate.js"
      },
      "engines": {
        "node": ">=4"
      }
    },
    "node_modules/js-yaml": {
      "version": "3.14.0",
      "resolved": "https://registry.npmjs.org/js-yaml/-/js-yaml-3.14.0.tgz",
      "integrity": "sha512-/4IbIeHcD9VMHFqDR/gQ7EdZdLimOvW2DdcxFjdyyZ9NsbS+ccrXqVWDtab/lRl5AlUqmpBx8EhPaWR+OtY17A==",
      "dependencies": {
        "argparse": "^1.0.7",
        "esprima": "^4.0.0"
      },
      "bin": {
        "js-yaml": "bin/js-yaml.js"
      }
    },
    "node_modules/source-map": {
      "version": "0.6.1",
      "resolved": "https://registry.npmjs.org/source-map/-/source-map-0.6.1.tgz",
      "integrity": "sha512-UjgapumWlbMhkBgzT7Ykc5YXUT46F0iKu8SGXq0bcwP5dz/h0Plj6enJqjz1Zbq2l5WaqYnrVbwWOWMyF3F47g==",
      "engines": {
        "node": ">=0.10.0"
      }
    },
    "node_modules/source-map-support": {
      "version": "0.5.21",
      "resolved": "https://registry.npmjs.org/source-map-support/-/source-map-support-0.5.21.tgz",
      "integrity": "sha512-uBHU3L3czsIyYXKX88fdrGovxdSCoTGDRZ6SYXtSRxLZUzHg5P/66Ht6uoUlHu9EZod+inXhKo3qQgwXUT/y1w==",
      "dependencies": {
        "buffer-from": "^1.0.0",
        "source-map": "^0.6.0"
      }
    },
    "node_modules/sprintf-js": {
      "version": "1.0.3",
      "resolved": "https://registry.npmjs.org/sprintf-js/-/sprintf-js-1.0.3.tgz",
      "integrity": "sha1-BOaSb2YolTVPPdAVIDYzuFcpfiw="
    },
    "node_modules/xmlbuilder2": {
      "version": "2.4.1",
      "resolved": "https://registry.npmjs.org/xmlbuilder2/-/xmlbuilder2-2.4.1.tgz",
      "integrity": "sha512-vliUplZsk5vJnhxXN/mRcij/AE24NObTUm/Zo4vkLusgayO6s3Et5zLEA14XZnY1c3hX5o1ToR0m0BJOPy0UvQ==",
      "dependencies": {
        "@oozcitak/dom": "1.15.8",
        "@oozcitak/infra": "1.0.8",
        "@oozcitak/util": "8.3.8",
        "@types/node": "*",
        "js-yaml": "3.14.0"
      },
      "engines": {
        "node": ">=10.0"
      }
    }
  },
  "dependencies": {
    "@haibun/core": {
      "version": "1.9.3",
      "resolved": "https://registry.npmjs.org/@haibun/core/-/core-1.9.3.tgz",
      "integrity": "sha512-moqCuwQGxLzY2D4Cm4elh1LocAEpacAipUqt3p4bbIfJcRIWlw4xxnyU10ua5BayaHQk978W5oWFh05Fjibiag==",
      "requires": {
        "source-map-support": "^0.5.21"
      }
    },
    "@haibun/domain-storage": {
      "version": "1.9.3",
      "resolved": "https://registry.npmjs.org/@haibun/domain-storage/-/domain-storage-1.9.3.tgz",
      "integrity": "sha512-xU3b7y8OhR5v2h86z0ispaqgU8jufWClhnKOnLhCf2uYm7GRfCPbOS3nx0B8Tbem2JZ6s/fLTEyImpmnQ3hIXw=="
    },
    "@haibun/out-review": {
      "version": "1.9.3",
      "resolved": "https://registry.npmjs.org/@haibun/out-review/-/out-review-1.9.3.tgz",
      "integrity": "sha512-LaeFz/pD9e1Ysn00003ApHdE1IghAPijsf8xUlSV/UDuulOQ2V+Ft7rFR09dF0i+PMNO4fTuDCh6OpOS8LlbNQ==",
      "requires": {
        "xmlbuilder2": "^2.4.1"
      }
    },
    "@oozcitak/dom": {
      "version": "1.15.8",
      "resolved": "https://registry.npmjs.org/@oozcitak/dom/-/dom-1.15.8.tgz",
      "integrity": "sha512-MoOnLBNsF+ok0HjpAvxYxR4piUhRDCEWK0ot3upwOOHYudJd30j6M+LNcE8RKpwfnclAX9T66nXXzkytd29XSw==",
      "requires": {
        "@oozcitak/infra": "1.0.8",
        "@oozcitak/url": "1.0.4",
        "@oozcitak/util": "8.3.8"
      }
    },
    "@oozcitak/infra": {
      "version": "1.0.8",
      "resolved": "https://registry.npmjs.org/@oozcitak/infra/-/infra-1.0.8.tgz",
      "integrity": "sha512-JRAUc9VR6IGHOL7OGF+yrvs0LO8SlqGnPAMqyzOuFZPSZSXI7Xf2O9+awQPSMXgIWGtgUf/dA6Hs6X6ySEaWTg==",
      "requires": {
        "@oozcitak/util": "8.3.8"
      }
    },
    "@oozcitak/url": {
      "version": "1.0.4",
      "resolved": "https://registry.npmjs.org/@oozcitak/url/-/url-1.0.4.tgz",
      "integrity": "sha512-kDcD8y+y3FCSOvnBI6HJgl00viO/nGbQoCINmQ0h98OhnGITrWR3bOGfwYCthgcrV8AnTJz8MzslTQbC3SOAmw==",
      "requires": {
        "@oozcitak/infra": "1.0.8",
        "@oozcitak/util": "8.3.8"
      }
    },
    "@oozcitak/util": {
      "version": "8.3.8",
      "resolved": "https://registry.npmjs.org/@oozcitak/util/-/util-8.3.8.tgz",
      "integrity": "sha512-T8TbSnGsxo6TDBJx/Sgv/BlVJL3tshxZP7Aq5R1mSnM5OcHY2dQaxLMu2+E8u3gN0MLOzdjurqN4ZRVuzQycOQ=="
    },
    "@types/node": {
      "version": "17.0.25",
      "resolved": "https://registry.npmjs.org/@types/node/-/node-17.0.25.tgz",
      "integrity": "sha512-wANk6fBrUwdpY4isjWrKTufkrXdu1D2YHCot2fD/DfWxF5sMrVSA+KN7ydckvaTCh0HiqX9IVl0L5/ZoXg5M7w=="
    },
    "@types/sarif": {
      "version": "2.1.4",
      "resolved": "https://registry.npmjs.org/@types/sarif/-/sarif-2.1.4.tgz",
      "integrity": "sha512-4xKHMdg3foh3Va1fxTzY1qt8QVqmaJpGWsVvtjQrJBn+/bkig2pWFKJ4FPI2yLI4PAj0SUKiPO4Vd7ggYIMZjQ=="
    },
    "argparse": {
      "version": "1.0.10",
      "resolved": "https://registry.npmjs.org/argparse/-/argparse-1.0.10.tgz",
      "integrity": "sha512-o5Roy6tNG4SL/FOkCAN6RzjiakZS25RLYFrcMttJqbdd8BWrnA+fGz57iN5Pb06pvBGvl5gQ0B48dJlslXvoTg==",
      "requires": {
        "sprintf-js": "~1.0.2"
      }
    },
    "buffer-from": {
      "version": "1.1.2",
      "resolved": "https://registry.npmjs.org/buffer-from/-/buffer-from-1.1.2.tgz",
      "integrity": "sha512-E+XQCRwSbaaiChtv6k6Dwgc+bx+Bs6vuKJHHl5kox/BaKbhiXzqQOwK4cO22yElGp2OCmjwVhT3HmxgyPGnJfQ=="
    },
    "esprima": {
      "version": "4.0.1",
      "resolved": "https://registry.npmjs.org/esprima/-/esprima-4.0.1.tgz",
      "integrity": "sha512-eGuFFw7Upda+g4p+QHvnW0RyTX/SVeJBDM/gCtMARO0cLuT2HcEKnTPvhjV6aGeqrCB/sbNop0Kszm0jsaWU4A=="
    },
    "js-yaml": {
      "version": "3.14.0",
      "resolved": "https://registry.npmjs.org/js-yaml/-/js-yaml-3.14.0.tgz",
      "integrity": "sha512-/4IbIeHcD9VMHFqDR/gQ7EdZdLimOvW2DdcxFjdyyZ9NsbS+ccrXqVWDtab/lRl5AlUqmpBx8EhPaWR+OtY17A==",
      "requires": {
        "argparse": "^1.0.7",
        "esprima": "^4.0.0"
      }
    },
    "source-map": {
      "version": "0.6.1",
      "resolved": "https://registry.npmjs.org/source-map/-/source-map-0.6.1.tgz",
      "integrity": "sha512-UjgapumWlbMhkBgzT7Ykc5YXUT46F0iKu8SGXq0bcwP5dz/h0Plj6enJqjz1Zbq2l5WaqYnrVbwWOWMyF3F47g=="
    },
    "source-map-support": {
      "version": "0.5.21",
      "resolved": "https://registry.npmjs.org/source-map-support/-/source-map-support-0.5.21.tgz",
      "integrity": "sha512-uBHU3L3czsIyYXKX88fdrGovxdSCoTGDRZ6SYXtSRxLZUzHg5P/66Ht6uoUlHu9EZod+inXhKo3qQgwXUT/y1w==",
      "requires": {
        "buffer-from": "^1.0.0",
        "source-map": "^0.6.0"
      }
    },
    "sprintf-js": {
      "version": "1.0.3",
      "resolved": "https://registry.npmjs.org/sprintf-js/-/sprintf-js-1.0.3.tgz",
      "integrity": "sha1-BOaSb2YolTVPPdAVIDYzuFcpfiw="
    },
    "xmlbuilder2": {
      "version": "2.4.1",
      "resolved": "https://registry.npmjs.org/xmlbuilder2/-/xmlbuilder2-2.4.1.tgz",
      "integrity": "sha512-vliUplZsk5vJnhxXN/mRcij/AE24NObTUm/Zo4vkLusgayO6s3Et5zLEA14XZnY1c3hX5o1ToR0m0BJOPy0UvQ==",
      "requires": {
        "@oozcitak/dom": "1.15.8",
        "@oozcitak/infra": "1.0.8",
        "@oozcitak/util": "8.3.8",
        "@types/node": "*",
        "js-yaml": "3.14.0"
      }
    }
  }
}
